
Microsoft Visual Studio Solution File, Format Version 12.00
# Visual Studio 15
VisualStudioVersion = 15.0.28307.902
MinimumVisualStudioVersion = 10.0.40219.1
Project("{FAE04EC0-301F-11D3-BF4B-00C04F79EFBC}") = "EF6ComplexData", "EF6ComplexData\EF6ComplexData.csproj", "{6ED7D37B-566F-448C-8D19-DF33F02316C0}"
EndProject
Global
	GlobalSection(SolutionConfigurationPlatforms) = preSolution
		Debug|Any CPU = Debug|Any CPU
		Release|Any CPU = Release|Any CPU
	EndGlobalSection
	GlobalSection(ProjectConfigurationPlatforms) = postSolution
		{6ED7D37B-566F-448C-8D19-DF33F02316C0}.Debug|Any CPU.ActiveCfg = Debug|Any CPU
		{6ED7D37B-566F-448C-8D19-DF33F02316C0}.Debug|Any CPU.Build.0 = Debug|Any CPU
		{6ED7D37B-566F-448C-8D19-DF33F02316C0}.Release|Any CPU.ActiveCfg = Release|Any CPU
		{6ED7D37B-566F-448C-8D19-DF33F02316C0}.Release|Any CPU.Build.0 = Release|Any CPU
	EndGlobalSection
	GlobalSection(SolutionProperties) = preSolution
		HideSolutionNode = FALSE
	EndGlobalSection
	GlobalSection(ExtensibilityGlobals) = postSolution
		SolutionGuid = {989797F1-40CF-4134-9F0A-D45DF643B018}
	EndGlobalSection
EndGlobal
